
Microsoft Visual Studio Solution File, Format Version 12.00
# Visual Studio Version 16
VisualStudioVersion = 16.0.29102.190
MinimumVisualStudioVersion = 10.0.40219.1
Project("{FAE04EC0-301F-11D3-BF4B-00C04F79EFBC}") = "RePowerReborn", "RePowerReborn\RePowerReborn.csproj", "{9A414D88-C205-4BFF-BCEC-D1A7EA967F2C}"
EndProject
Project("{2150E333-8FDC-42A3-9474-1A3956D46DE8}") = "Solution Items", "Solution Items", "{D17E6C9B-C5D1-4629-BC21-AE6167501231}"
	ProjectSection(SolutionItems) = preProject
		.gitignore = .gitignore
		CHANGELOG.md = CHANGELOG.md
		LICENSE = LICENSE
		README.md = README.md
	EndProjectSection
EndProject
Global
	GlobalSection(SolutionConfigurationPlatforms) = preSolution
		Debug|Any CPU = Debug|Any CPU
		Release|Any CPU = Release|Any CPU
	EndGlobalSection
	GlobalSection(ProjectConfigurationPlatforms) = postSolution
		{9A414D88-C205-4BFF-BCEC-D1A7EA967F2C}.Debug|Any CPU.ActiveCfg = Debug|Any CPU
		{9A414D88-C205-4BFF-BCEC-D1A7EA967F2C}.Debug|Any CPU.Build.0 = Debug|Any CPU
		{9A414D88-C205-4BFF-BCEC-D1A7EA967F2C}.Release|Any CPU.ActiveCfg = Release|Any CPU
		{9A414D88-C205-4BFF-BCEC-D1A7EA967F2C}.Release|Any CPU.Build.0 = Release|Any CPU
	EndGlobalSection
	GlobalSection(SolutionProperties) = preSolution
		HideSolutionNode = FALSE
	EndGlobalSection
	GlobalSection(ExtensibilityGlobals) = postSolution
		SolutionGuid = {6134C683-1722-4596-80BA-A34C009A39E5}
	EndGlobalSection
EndGlobal
