
Microsoft Visual Studio Solution File, Format Version 12.00
# Visual Studio Version 17
VisualStudioVersion = 17.2.32616.157
MinimumVisualStudioVersion = 10.0.40219.1
Project("{9A19103F-16F7-4668-BE54-9A1E7A4F7556}") = "RePowerReborn", "RePowerReborn.csproj", "{D89828B5-09E6-4AAF-8972-271740AF4300}"
EndProject
Project("{2150E333-8FDC-42A3-9474-1A3956D46DE8}") = "Solution Items", "Solution Items", "{7BAB5630-834E-47F1-8F23-3CD558F776DE}"
	ProjectSection(SolutionItems) = preProject
		..\..\.gitignore = ..\..\.gitignore
		..\..\About\About.xml = ..\..\About\About.xml
		..\..\CHANGELOG.md = ..\..\CHANGELOG.md
		..\..\Defs\Example.txt = ..\..\Defs\Example.txt
		..\..\About\Manifest.xml = ..\..\About\Manifest.xml
		..\..\Defs\RePowerVanillaBuildings.xml = ..\..\Defs\RePowerVanillaBuildings.xml
	EndProjectSection
EndProject
Global
	GlobalSection(SolutionConfigurationPlatforms) = preSolution
		Debug|Any CPU = Debug|Any CPU
		Release|Any CPU = Release|Any CPU
	EndGlobalSection
	GlobalSection(ProjectConfigurationPlatforms) = postSolution
		{D89828B5-09E6-4AAF-8972-271740AF4300}.Debug|Any CPU.ActiveCfg = Debug|Any CPU
		{D89828B5-09E6-4AAF-8972-271740AF4300}.Debug|Any CPU.Build.0 = Debug|Any CPU
		{D89828B5-09E6-4AAF-8972-271740AF4300}.Release|Any CPU.ActiveCfg = Release|Any CPU
		{D89828B5-09E6-4AAF-8972-271740AF4300}.Release|Any CPU.Build.0 = Release|Any CPU
	EndGlobalSection
	GlobalSection(SolutionProperties) = preSolution
		HideSolutionNode = FALSE
	EndGlobalSection
	GlobalSection(ExtensibilityGlobals) = postSolution
		SolutionGuid = {8EA3A77D-EE34-445E-8E89-7FED18701D57}
	EndGlobalSection
EndGlobal
